
Microsoft Visual Studio Solution File, Format Version 12.00
# Visual Studio Version 17
VisualStudioVersion = 17.3.32929.385
MinimumVisualStudioVersion = 10.0.40219.1
Project("{FAE04EC0-301F-11D3-BF4B-00C04F79EFBC}") = "StructuredProgrammingPuzzles", "StructuredProgrammingPuzzles\StructuredProgrammingPuzzles.csproj", "{6C06ACEB-B6E0-444F-9427-2D1C119E0615}"
EndProject
Global
	GlobalSection(SolutionConfigurationPlatforms) = preSolution
		Debug|Any CPU = Debug|Any CPU
		Release|Any CPU = Release|Any CPU
	EndGlobalSection
	GlobalSection(ProjectConfigurationPlatforms) = postSolution
		{6C06ACEB-B6E0-444F-9427-2D1C119E0615}.Debug|Any CPU.ActiveCfg = Debug|Any CPU
		{6C06ACEB-B6E0-444F-9427-2D1C119E0615}.Debug|Any CPU.Build.0 = Debug|Any CPU
		{6C06ACEB-B6E0-444F-9427-2D1C119E0615}.Release|Any CPU.ActiveCfg = Release|Any CPU
		{6C06ACEB-B6E0-444F-9427-2D1C119E0615}.Release|Any CPU.Build.0 = Release|Any CPU
	EndGlobalSection
	GlobalSection(SolutionProperties) = preSolution
		HideSolutionNode = FALSE
	EndGlobalSection
	GlobalSection(ExtensibilityGlobals) = postSolution
		SolutionGuid = {BFD82211-1489-4B13-9798-4C1FBE0A2858}
	EndGlobalSection
EndGlobal
